
Microsoft Visual Studio Solution File, Format Version 12.00
# Visual Studio Version 17
VisualStudioVersion = 17.7.34221.43
MinimumVisualStudioVersion = 10.0.40219.1
Project("{FAE04EC0-301F-11D3-BF4B-00C04F79EFBC}") = "asdlaba4", "asdlaba4\asdlaba4.csproj", "{20003123-712D-499B-A855-DCAB091CAA68}"
EndProject
Global
	GlobalSection(SolutionConfigurationPlatforms) = preSolution
		Debug|Any CPU = Debug|Any CPU
		Release|Any CPU = Release|Any CPU
	EndGlobalSection
	GlobalSection(ProjectConfigurationPlatforms) = postSolution
		{20003123-712D-499B-A855-DCAB091CAA68}.Debug|Any CPU.ActiveCfg = Debug|Any CPU
		{20003123-712D-499B-A855-DCAB091CAA68}.Debug|Any CPU.Build.0 = Debug|Any CPU
		{20003123-712D-499B-A855-DCAB091CAA68}.Release|Any CPU.ActiveCfg = Release|Any CPU
		{20003123-712D-499B-A855-DCAB091CAA68}.Release|Any CPU.Build.0 = Release|Any CPU
	EndGlobalSection
	GlobalSection(SolutionProperties) = preSolution
		HideSolutionNode = FALSE
	EndGlobalSection
	GlobalSection(ExtensibilityGlobals) = postSolution
		SolutionGuid = {3CE4C79E-FB86-4850-8E17-EA1C56B11DB8}
	EndGlobalSection
EndGlobal
